
Microsoft Visual Studio Solution File, Format Version 12.00
# Visual Studio Version 16
VisualStudioVersion = 16.0.29324.140
MinimumVisualStudioVersion = 15.0.26124.0
Project("{9A19103F-16F7-4668-BE54-9A1E7A4F7556}") = "Example", "Example\Example.csproj", "{C5249F69-B771-4D63-95D1-A90C51B1ACBD}"
EndProject
Project("{9A19103F-16F7-4668-BE54-9A1E7A4F7556}") = "Example.Tests", "Example.Tests\Example.Tests.csproj", "{1974220C-2074-4ED3-B550-FA6236CD770F}"
EndProject
Project("{FAE04EC0-301F-11D3-BF4B-00C04F79EFBC}") = "Example.App", "Example.App\Example.App.csproj", "{308253BD-1CA8-4E3C-9DF3-E344AE58E24A}"
EndProject
Global
	GlobalSection(SolutionConfigurationPlatforms) = preSolution
		Debug|Any CPU = Debug|Any CPU
		Debug|x64 = Debug|x64
		Debug|x86 = Debug|x86
		Release|Any CPU = Release|Any CPU
		Release|x64 = Release|x64
		Release|x86 = Release|x86
	EndGlobalSection
	GlobalSection(ProjectConfigurationPlatforms) = postSolution
		{C5249F69-B771-4D63-95D1-A90C51B1ACBD}.Debug|Any CPU.ActiveCfg = Debug|Any CPU
		{C5249F69-B771-4D63-95D1-A90C51B1ACBD}.Debug|Any CPU.Build.0 = Debug|Any CPU
		{C5249F69-B771-4D63-95D1-A90C51B1ACBD}.Debug|x64.ActiveCfg = Debug|Any CPU
		{C5249F69-B771-4D63-95D1-A90C51B1ACBD}.Debug|x64.Build.0 = Debug|Any CPU
		{C5249F69-B771-4D63-95D1-A90C51B1ACBD}.Debug|x86.ActiveCfg = Debug|Any CPU
		{C5249F69-B771-4D63-95D1-A90C51B1ACBD}.Debug|x86.Build.0 = Debug|Any CPU
		{C5249F69-B771-4D63-95D1-A90C51B1ACBD}.Release|Any CPU.ActiveCfg = Release|Any CPU
		{C5249F69-B771-4D63-95D1-A90C51B1ACBD}.Release|Any CPU.Build.0 = Release|Any CPU
		{C5249F69-B771-4D63-95D1-A90C51B1ACBD}.Release|x64.ActiveCfg = Release|Any CPU
		{C5249F69-B771-4D63-95D1-A90C51B1ACBD}.Release|x64.Build.0 = Release|Any CPU
		{C5249F69-B771-4D63-95D1-A90C51B1ACBD}.Release|x86.ActiveCfg = Release|Any CPU
		{C5249F69-B771-4D63-95D1-A90C51B1ACBD}.Release|x86.Build.0 = Release|Any CPU
		{1974220C-2074-4ED3-B550-FA6236CD770F}.Debug|Any CPU.ActiveCfg = Debug|Any CPU
		{1974220C-2074-4ED3-B550-FA6236CD770F}.Debug|Any CPU.Build.0 = Debug|Any CPU
		{1974220C-2074-4ED3-B550-FA6236CD770F}.Debug|x64.ActiveCfg = Debug|Any CPU
		{1974220C-2074-4ED3-B550-FA6236CD770F}.Debug|x64.Build.0 = Debug|Any CPU
		{1974220C-2074-4ED3-B550-FA6236CD770F}.Debug|x86.ActiveCfg = Debug|Any CPU
		{1974220C-2074-4ED3-B550-FA6236CD770F}.Debug|x86.Build.0 = Debug|Any CPU
		{1974220C-2074-4ED3-B550-FA6236CD770F}.Release|Any CPU.ActiveCfg = Release|Any CPU
		{1974220C-2074-4ED3-B550-FA6236CD770F}.Release|Any CPU.Build.0 = Release|Any CPU
		{1974220C-2074-4ED3-B550-FA6236CD770F}.Release|x64.ActiveCfg = Release|Any CPU
		{1974220C-2074-4ED3-B550-FA6236CD770F}.Release|x64.Build.0 = Release|Any CPU
		{1974220C-2074-4ED3-B550-FA6236CD770F}.Release|x86.ActiveCfg = Release|Any CPU
		{1974220C-2074-4ED3-B550-FA6236CD770F}.Release|x86.Build.0 = Release|Any CPU
		{308253BD-1CA8-4E3C-9DF3-E344AE58E24A}.Debug|Any CPU.ActiveCfg = Debug|Any CPU
		{308253BD-1CA8-4E3C-9DF3-E344AE58E24A}.Debug|Any CPU.Build.0 = Debug|Any CPU
		{308253BD-1CA8-4E3C-9DF3-E344AE58E24A}.Debug|x64.ActiveCfg = Debug|Any CPU
		{308253BD-1CA8-4E3C-9DF3-E344AE58E24A}.Debug|x64.Build.0 = Debug|Any CPU
		{308253BD-1CA8-4E3C-9DF3-E344AE58E24A}.Debug|x86.ActiveCfg = Debug|Any CPU
		{308253BD-1CA8-4E3C-9DF3-E344AE58E24A}.Debug|x86.Build.0 = Debug|Any CPU
		{308253BD-1CA8-4E3C-9DF3-E344AE58E24A}.Release|Any CPU.ActiveCfg = Release|Any CPU
		{308253BD-1CA8-4E3C-9DF3-E344AE58E24A}.Release|Any CPU.Build.0 = Release|Any CPU
		{308253BD-1CA8-4E3C-9DF3-E344AE58E24A}.Release|x64.ActiveCfg = Release|Any CPU
		{308253BD-1CA8-4E3C-9DF3-E344AE58E24A}.Release|x64.Build.0 = Release|Any CPU
		{308253BD-1CA8-4E3C-9DF3-E344AE58E24A}.Release|x86.ActiveCfg = Release|Any CPU
		{308253BD-1CA8-4E3C-9DF3-E344AE58E24A}.Release|x86.Build.0 = Release|Any CPU
	EndGlobalSection
	GlobalSection(SolutionProperties) = preSolution
		HideSolutionNode = FALSE
	EndGlobalSection
	GlobalSection(ExtensibilityGlobals) = postSolution
		SolutionGuid = {3689BA56-D072-4B00-8010-338485CEB3EB}
	EndGlobalSection
EndGlobal
